// !$*UTF8*$!
{
	archiveVersion = 1;
	classes = {
	};
	objectVersion = 51;
	objects = {

/* Begin PBXBuildFile section */
		8A808F432316F66400B1A29F /* ClientListViewController.swift in Sources */ = {isa = PBXBuildFile; fileRef = 8A808F422316F66400B1A29F /* ClientListViewController.swift */; };
		8A808F452316F70200B1A29F /* MessageType.swift in Sources */ = {isa = PBXBuildFile; fileRef = 8A808F442316F70200B1A29F /* MessageType.swift */; };
		8A808F472316F7C100B1A29F /* Client.swift in Sources */ = {isa = PBXBuildFile; fileRef = 8A808F462316F7C100B1A29F /* Client.swift */; };
		8A808F6723171EED00B1A29F /* ClientInfo.swift in Sources */ = {isa = PBXBuildFile; fileRef = 8A808F6623171EED00B1A29F /* ClientInfo.swift */; };
		8A81F84D23176AD8005917BA /* SerialNumberCell.swift in Sources */ = {isa = PBXBuildFile; fileRef = 8A81F84C23176AD8005917BA /* SerialNumberCell.swift */; };
		8A81F84F23176C9B005917BA /* SerialNumberMatcher.swift in Sources */ = {isa = PBXBuildFile; fileRef = 8A81F84E23176C9B005917BA /* SerialNumberMatcher.swift */; };
		8A81F85123176D66005917BA /* XMLParsing+Alamofire.swift in Sources */ = {isa = PBXBuildFile; fileRef = 8A81F85023176D66005917BA /* XMLParsing+Alamofire.swift */; };
		8A81F85323176D95005917BA /* ConfigurationCodeCell.swift in Sources */ = {isa = PBXBuildFile; fileRef = 8A81F85223176D95005917BA /* ConfigurationCodeCell.swift */; };
		8A81F85523177366005917BA /* XLOverlayLog.swift in Sources */ = {isa = PBXBuildFile; fileRef = 8A81F85423177366005917BA /* XLOverlayLog.swift */; };
		8A81F85A2317796D005917BA /* StatusCell.swift in Sources */ = {isa = PBXBuildFile; fileRef = 8A81F8592317796D005917BA /* StatusCell.swift */; };
		8AA61ABA2316487B00BB7B93 /* AppDelegate.swift in Sources */ = {isa = PBXBuildFile; fileRef = 8AA61AB92316487B00BB7B93 /* AppDelegate.swift */; };
		8AA61ABE2316487D00BB7B93 /* Assets.xcassets in Resources */ = {isa = PBXBuildFile; fileRef = 8AA61ABD2316487D00BB7B93 /* Assets.xcassets */; };
		8AA61AC12316487D00BB7B93 /* Main.storyboard in Resources */ = {isa = PBXBuildFile; fileRef = 8AA61ABF2316487D00BB7B93 /* Main.storyboard */; };
		D486BC26CC2D5B8D094424BB /* Pods_macOS_Utilities_Hypervisor.framework in Frameworks */ = {isa = PBXBuildFile; fileRef = FFA462F550B5DD6F8150CD74 /* Pods_macOS_Utilities_Hypervisor.framework */; };
/* End PBXBuildFile section */

/* Begin PBXFileReference section */
		1542741CC53022F72607A79F /* Pods-macOS Utilities: Hypervisor.release.xcconfig */ = {isa = PBXFileReference; includeInIndex = 1; lastKnownFileType = text.xcconfig; name = "Pods-macOS Utilities: Hypervisor.release.xcconfig"; path = "Target Support Files/Pods-macOS Utilities: Hypervisor/Pods-macOS Utilities: Hypervisor.release.xcconfig"; sourceTree = "<group>"; };
		205020729D29D07B38589A23 /* Pods-Remote Log Client.release.xcconfig */ = {isa = PBXFileReference; includeInIndex = 1; lastKnownFileType = text.xcconfig; name = "Pods-Remote Log Client.release.xcconfig"; path = "Target Support Files/Pods-Remote Log Client/Pods-Remote Log Client.release.xcconfig"; sourceTree = "<group>"; };
		48BCFB19EE9C054A961E23BA /* Pods-macOS Utilities Hypervisor.release.xcconfig */ = {isa = PBXFileReference; includeInIndex = 1; lastKnownFileType = text.xcconfig; name = "Pods-macOS Utilities Hypervisor.release.xcconfig"; path = "Target Support Files/Pods-macOS Utilities Hypervisor/Pods-macOS Utilities Hypervisor.release.xcconfig"; sourceTree = "<group>"; };
		8A808F422316F66400B1A29F /* ClientListViewController.swift */ = {isa = PBXFileReference; lastKnownFileType = sourcecode.swift; path = ClientListViewController.swift; sourceTree = "<group>"; };
		8A808F442316F70200B1A29F /* MessageType.swift */ = {isa = PBXFileReference; lastKnownFileType = sourcecode.swift; path = MessageType.swift; sourceTree = "<group>"; };
		8A808F462316F7C100B1A29F /* Client.swift */ = {isa = PBXFileReference; lastKnownFileType = sourcecode.swift; path = Client.swift; sourceTree = "<group>"; };
		8A808F6623171EED00B1A29F /* ClientInfo.swift */ = {isa = PBXFileReference; lastKnownFileType = sourcecode.swift; path = ClientInfo.swift; sourceTree = "<group>"; };
		8A81F84C23176AD8005917BA /* SerialNumberCell.swift */ = {isa = PBXFileReference; lastKnownFileType = sourcecode.swift; path = SerialNumberCell.swift; sourceTree = "<group>"; };
		8A81F84E23176C9B005917BA /* SerialNumberMatcher.swift */ = {isa = PBXFileReference; lastKnownFileType = sourcecode.swift; path = SerialNumberMatcher.swift; sourceTree = "<group>"; };
		8A81F85023176D66005917BA /* XMLParsing+Alamofire.swift */ = {isa = PBXFileReference; lastKnownFileType = sourcecode.swift; path = "XMLParsing+Alamofire.swift"; sourceTree = "<group>"; };
		8A81F85223176D95005917BA /* ConfigurationCodeCell.swift */ = {isa = PBXFileReference; lastKnownFileType = sourcecode.swift; path = ConfigurationCodeCell.swift; sourceTree = "<group>"; };
		8A81F85423177366005917BA /* XLOverlayLog.swift */ = {isa = PBXFileReference; lastKnownFileType = sourcecode.swift; path = XLOverlayLog.swift; sourceTree = "<group>"; };
		8A81F856231773A1005917BA /* BridgingHeader.h */ = {isa = PBXFileReference; lastKnownFileType = sourcecode.c.h; path = BridgingHeader.h; sourceTree = "<group>"; };
		8A81F8592317796D005917BA /* StatusCell.swift */ = {isa = PBXFileReference; lastKnownFileType = sourcecode.swift; path = StatusCell.swift; sourceTree = "<group>"; };
		8AA61AB62316487B00BB7B93 /* macOS Utilities Hypervisor.app */ = {isa = PBXFileReference; explicitFileType = wrapper.application; includeInIndex = 0; path = "macOS Utilities Hypervisor.app"; sourceTree = BUILT_PRODUCTS_DIR; };
		8AA61AB92316487B00BB7B93 /* AppDelegate.swift */ = {isa = PBXFileReference; lastKnownFileType = sourcecode.swift; path = AppDelegate.swift; sourceTree = "<group>"; };
		8AA61ABD2316487D00BB7B93 /* Assets.xcassets */ = {isa = PBXFileReference; lastKnownFileType = folder.assetcatalog; path = Assets.xcassets; sourceTree = "<group>"; };
		8AA61AC02316487D00BB7B93 /* Base */ = {isa = PBXFileReference; lastKnownFileType = file.storyboard; name = Base; path = Base.lproj/Main.storyboard; sourceTree = "<group>"; };
		8AA61AC22316487D00BB7B93 /* Info.plist */ = {isa = PBXFileReference; lastKnownFileType = text.plist.xml; path = Info.plist; sourceTree = "<group>"; };
		8AA61AC32316487D00BB7B93 /* Remote_Log_Client.entitlements */ = {isa = PBXFileReference; lastKnownFileType = text.plist.entitlements; path = Remote_Log_Client.entitlements; sourceTree = "<group>"; };
		9CCF54592D302CED50D742F6 /* Pods-macOS Utilities: Hypervisor.debug.xcconfig */ = {isa = PBXFileReference; includeInIndex = 1; lastKnownFileType = text.xcconfig; name = "Pods-macOS Utilities: Hypervisor.debug.xcconfig"; path = "Target Support Files/Pods-macOS Utilities: Hypervisor/Pods-macOS Utilities: Hypervisor.debug.xcconfig"; sourceTree = "<group>"; };
		E8599BA55B3FE0D888533231 /* Pods-macOS Utilities Hypervisor.debug.xcconfig */ = {isa = PBXFileReference; includeInIndex = 1; lastKnownFileType = text.xcconfig; name = "Pods-macOS Utilities Hypervisor.debug.xcconfig"; path = "Target Support Files/Pods-macOS Utilities Hypervisor/Pods-macOS Utilities Hypervisor.debug.xcconfig"; sourceTree = "<group>"; };
		F07E962C4A73F1E84A23ED43 /* Pods-Remote Log Client.debug.xcconfig */ = {isa = PBXFileReference; includeInIndex = 1; lastKnownFileType = text.xcconfig; name = "Pods-Remote Log Client.debug.xcconfig"; path = "Target Support Files/Pods-Remote Log Client/Pods-Remote Log Client.debug.xcconfig"; sourceTree = "<group>"; };
		FFA462F550B5DD6F8150CD74 /* Pods_macOS_Utilities_Hypervisor.framework */ = {isa = PBXFileReference; explicitFileType = wrapper.framework; includeInIndex = 0; path = Pods_macOS_Utilities_Hypervisor.framework; sourceTree = BUILT_PRODUCTS_DIR; };
/* End PBXFileReference section */

/* Begin PBXFrameworksBuildPhase section */
		8AA61AB32316487B00BB7B93 /* Frameworks */ = {
			isa = PBXFrameworksBuildPhase;
			buildActionMask = 2147483647;
			files = (
				D486BC26CC2D5B8D094424BB /* Pods_macOS_Utilities_Hypervisor.framework in Frameworks */,
			);
			runOnlyForDeploymentPostprocessing = 0;
		};
/* End PBXFrameworksBuildPhase section */

/* Begin PBXGroup section */
		30A88792A74FEA34DF2F34D6 /* Frameworks */ = {
			isa = PBXGroup;
			children = (
				FFA462F550B5DD6F8150CD74 /* Pods_macOS_Utilities_Hypervisor.framework */,
			);
			name = Frameworks;
			sourceTree = "<group>";
		};
		8A808F682317225E00B1A29F /* Types */ = {
			isa = PBXGroup;
			children = (
				8A808F442316F70200B1A29F /* MessageType.swift */,
				8A808F462316F7C100B1A29F /* Client.swift */,
				8A808F6623171EED00B1A29F /* ClientInfo.swift */,
			);
			path = Types;
			sourceTree = "<group>";
		};
		8A808F692317226800B1A29F /* Resources */ = {
			isa = PBXGroup;
			children = (
				8AA61ABD2316487D00BB7B93 /* Assets.xcassets */,
				8AA61AC22316487D00BB7B93 /* Info.plist */,
				8AA61AC32316487D00BB7B93 /* Remote_Log_Client.entitlements */,
			);
			path = Resources;
			sourceTree = "<group>";
		};
		8A81F857231773DE005917BA /* Cells */ = {
			isa = PBXGroup;
			children = (
				8A81F84C23176AD8005917BA /* SerialNumberCell.swift */,
				8A81F85223176D95005917BA /* ConfigurationCodeCell.swift */,
				8A81F8592317796D005917BA /* StatusCell.swift */,
			);
			path = Cells;
			sourceTree = "<group>";
		};
		8A81F858231773E8005917BA /* Misc */ = {
			isa = PBXGroup;
			children = (
				8A81F84E23176C9B005917BA /* SerialNumberMatcher.swift */,
				8A81F85023176D66005917BA /* XMLParsing+Alamofire.swift */,
				8A81F85423177366005917BA /* XLOverlayLog.swift */,
			);
			path = Misc;
			sourceTree = "<group>";
		};
		8AA61AAD2316487B00BB7B93 = {
			isa = PBXGroup;
			children = (
				8AA61AB82316487B00BB7B93 /* macOS Utilities Hypervisor */,
				8AA61AB72316487B00BB7B93 /* Products */,
				93C877AF53E80ED6F80F43B7 /* Pods */,
				30A88792A74FEA34DF2F34D6 /* Frameworks */,
			);
			sourceTree = "<group>";
		};
		8AA61AB72316487B00BB7B93 /* Products */ = {
			isa = PBXGroup;
			children = (
				8AA61AB62316487B00BB7B93 /* macOS Utilities Hypervisor.app */,
			);
			name = Products;
			sourceTree = "<group>";
		};
		8AA61AB82316487B00BB7B93 /* macOS Utilities Hypervisor */ = {
			isa = PBXGroup;
			children = (
				8AA61AB92316487B00BB7B93 /* AppDelegate.swift */,
				8A808F422316F66400B1A29F /* ClientListViewController.swift */,
				8AA61ABF2316487D00BB7B93 /* Main.storyboard */,
				8A81F856231773A1005917BA /* BridgingHeader.h */,
				8A808F692317226800B1A29F /* Resources */,
				8A808F682317225E00B1A29F /* Types */,
				8A81F857231773DE005917BA /* Cells */,
				8A81F858231773E8005917BA /* Misc */,
			);
			path = "macOS Utilities Hypervisor";
			sourceTree = "<group>";
		};
		93C877AF53E80ED6F80F43B7 /* Pods */ = {
			isa = PBXGroup;
			children = (
				F07E962C4A73F1E84A23ED43 /* Pods-Remote Log Client.debug.xcconfig */,
				205020729D29D07B38589A23 /* Pods-Remote Log Client.release.xcconfig */,
				9CCF54592D302CED50D742F6 /* Pods-macOS Utilities: Hypervisor.debug.xcconfig */,
				1542741CC53022F72607A79F /* Pods-macOS Utilities: Hypervisor.release.xcconfig */,
				E8599BA55B3FE0D888533231 /* Pods-macOS Utilities Hypervisor.debug.xcconfig */,
				48BCFB19EE9C054A961E23BA /* Pods-macOS Utilities Hypervisor.release.xcconfig */,
			);
			path = Pods;
			sourceTree = "<group>";
		};
/* End PBXGroup section */

/* Begin PBXNativeTarget section */
		8AA61AB52316487B00BB7B93 /* macOS Utilities Hypervisor */ = {
			isa = PBXNativeTarget;
			buildConfigurationList = 8AA61AC62316487D00BB7B93 /* Build configuration list for PBXNativeTarget "macOS Utilities Hypervisor" */;
			buildPhases = (
				9B490D161F3CD58D930AF675 /* [CP] Check Pods Manifest.lock */,
				8AA61AB22316487B00BB7B93 /* Sources */,
				8AA61AB32316487B00BB7B93 /* Frameworks */,
				8AA61AB42316487B00BB7B93 /* Resources */,
				046D8290E1ECC3505EA24A89 /* [CP] Embed Pods Frameworks */,
			);
			buildRules = (
			);
			dependencies = (
			);
			name = "macOS Utilities Hypervisor";
			productName = "Remote Log Client";
			productReference = 8AA61AB62316487B00BB7B93 /* macOS Utilities Hypervisor.app */;
			productType = "com.apple.product-type.application";
		};
/* End PBXNativeTarget section */

/* Begin PBXProject section */
		8AA61AAE2316487B00BB7B93 /* Project object */ = {
			isa = PBXProject;
			attributes = {
				LastSwiftUpdateCheck = 1030;
				LastUpgradeCheck = 1030;
				ORGANIZATIONNAME = "Keaton Burleson";
				TargetAttributes = {
					8AA61AB52316487B00BB7B93 = {
						CreatedOnToolsVersion = 10.3;
						SystemCapabilities = {
							com.apple.Sandbox = {
								enabled = 0;
							};
						};
					};
				};
			};
			buildConfigurationList = 8AA61AB12316487B00BB7B93 /* Build configuration list for PBXProject "macOS Utilities Hypervisor" */;
			compatibilityVersion = "Xcode 9.3";
			developmentRegion = en;
			hasScannedForEncodings = 0;
			knownRegions = (
				en,
				Base,
			);
			mainGroup = 8AA61AAD2316487B00BB7B93;
			productRefGroup = 8AA61AB72316487B00BB7B93 /* Products */;
			projectDirPath = "";
			projectRoot = "";
			targets = (
				8AA61AB52316487B00BB7B93 /* macOS Utilities Hypervisor */,
			);
		};
/* End PBXProject section */

/* Begin PBXResourcesBuildPhase section */
		8AA61AB42316487B00BB7B93 /* Resources */ = {
			isa = PBXResourcesBuildPhase;
			buildActionMask = 2147483647;
			files = (
				8AA61ABE2316487D00BB7B93 /* Assets.xcassets in Resources */,
				8AA61AC12316487D00BB7B93 /* Main.storyboard in Resources */,
			);
			runOnlyForDeploymentPostprocessing = 0;
		};
/* End PBXResourcesBuildPhase section */

/* Begin PBXShellScriptBuildPhase section */
		046D8290E1ECC3505EA24A89 /* [CP] Embed Pods Frameworks */ = {
			isa = PBXShellScriptBuildPhase;
			buildActionMask = 2147483647;
			files = (
			);
			inputFileListPaths = (
				"${PODS_ROOT}/Target Support Files/Pods-macOS Utilities Hypervisor/Pods-macOS Utilities Hypervisor-frameworks-${CONFIGURATION}-input-files.xcfilelist",
			);
			name = "[CP] Embed Pods Frameworks";
			outputFileListPaths = (
				"${PODS_ROOT}/Target Support Files/Pods-macOS Utilities Hypervisor/Pods-macOS Utilities Hypervisor-frameworks-${CONFIGURATION}-output-files.xcfilelist",
			);
			runOnlyForDeploymentPostprocessing = 0;
			shellPath = /bin/sh;
			shellScript = "\"${PODS_ROOT}/Target Support Files/Pods-macOS Utilities Hypervisor/Pods-macOS Utilities Hypervisor-frameworks.sh\"\n";
			showEnvVarsInLog = 0;
		};
		9B490D161F3CD58D930AF675 /* [CP] Check Pods Manifest.lock */ = {
			isa = PBXShellScriptBuildPhase;
			buildActionMask = 2147483647;
			files = (
			);
			inputFileListPaths = (
			);
			inputPaths = (
				"${PODS_PODFILE_DIR_PATH}/Podfile.lock",
				"${PODS_ROOT}/Manifest.lock",
			);
			name = "[CP] Check Pods Manifest.lock";
			outputFileListPaths = (
			);
			outputPaths = (
				"$(DERIVED_FILE_DIR)/Pods-macOS Utilities Hypervisor-checkManifestLockResult.txt",
			);
			runOnlyForDeploymentPostprocessing = 0;
			shellPath = /bin/sh;
			shellScript = "diff \"${PODS_PODFILE_DIR_PATH}/Podfile.lock\" \"${PODS_ROOT}/Manifest.lock\" > /dev/null\nif [ $? != 0 ] ; then\n    # print error to STDERR\n    echo \"error: The sandbox is not in sync with the Podfile.lock. Run 'pod install' or update your CocoaPods installation.\" >&2\n    exit 1\nfi\n# This output is used by Xcode 'outputs' to avoid re-running this script phase.\necho \"SUCCESS\" > \"${SCRIPT_OUTPUT_FILE_0}\"\n";
			showEnvVarsInLog = 0;
		};
/* End PBXShellScriptBuildPhase section */

/* Begin PBXSourcesBuildPhase section */
		8AA61AB22316487B00BB7B93 /* Sources */ = {
			isa = PBXSourcesBuildPhase;
			buildActionMask = 2147483647;
			files = (
				8A808F472316F7C100B1A29F /* Client.swift in Sources */,
				8A81F85523177366005917BA /* XLOverlayLog.swift in Sources */,
				8A808F452316F70200B1A29F /* MessageType.swift in Sources */,
				8A81F84F23176C9B005917BA /* SerialNumberMatcher.swift in Sources */,
				8A81F85A2317796D005917BA /* StatusCell.swift in Sources */,
				8A808F432316F66400B1A29F /* ClientListViewController.swift in Sources */,
				8A808F6723171EED00B1A29F /* ClientInfo.swift in Sources */,
				8A81F85123176D66005917BA /* XMLParsing+Alamofire.swift in Sources */,
				8A81F84D23176AD8005917BA /* SerialNumberCell.swift in Sources */,
				8A81F85323176D95005917BA /* ConfigurationCodeCell.swift in Sources */,
				8AA61ABA2316487B00BB7B93 /* AppDelegate.swift in Sources */,
			);
			runOnlyForDeploymentPostprocessing = 0;
		};
/* End PBXSourcesBuildPhase section */

/* Begin PBXVariantGroup section */
		8AA61ABF2316487D00BB7B93 /* Main.storyboard */ = {
			isa = PBXVariantGroup;
			children = (
				8AA61AC02316487D00BB7B93 /* Base */,
			);
			name = Main.storyboard;
			sourceTree = "<group>";
		};
/* End PBXVariantGroup section */

/* Begin XCBuildConfiguration section */
		8AA61AC42316487D00BB7B93 /* Debug */ = {
			isa = XCBuildConfiguration;
			buildSettings = {
				ALWAYS_SEARCH_USER_PATHS = NO;
				CLANG_ANALYZER_NONNULL = YES;
				CLANG_ANALYZER_NUMBER_OBJECT_CONVERSION = YES_AGGRESSIVE;
				CLANG_CXX_LANGUAGE_STANDARD = "gnu++14";
				CLANG_CXX_LIBRARY = "libc++";
				CLANG_ENABLE_MODULES = YES;
				CLANG_ENABLE_OBJC_ARC = YES;
				CLANG_ENABLE_OBJC_WEAK = YES;
				CLANG_WARN_BLOCK_CAPTURE_AUTORELEASING = YES;
				CLANG_WARN_BOOL_CONVERSION = YES;
				CLANG_WARN_COMMA = YES;
				CLANG_WARN_CONSTANT_CONVERSION = YES;
				CLANG_WARN_DEPRECATED_OBJC_IMPLEMENTATIONS = YES;
				CLANG_WARN_DIRECT_OBJC_ISA_USAGE = YES_ERROR;
				CLANG_WARN_DOCUMENTATION_COMMENTS = YES;
				CLANG_WARN_EMPTY_BODY = YES;
				CLANG_WARN_ENUM_CONVERSION = YES;
				CLANG_WARN_INFINITE_RECURSION = YES;
				CLANG_WARN_INT_CONVERSION = YES;
				CLANG_WARN_NON_LITERAL_NULL_CONVERSION = YES;
				CLANG_WARN_OBJC_IMPLICIT_RETAIN_SELF = YES;
				CLANG_WARN_OBJC_LITERAL_CONVERSION = YES;
				CLANG_WARN_OBJC_ROOT_CLASS = YES_ERROR;
				CLANG_WARN_RANGE_LOOP_ANALYSIS = YES;
				CLANG_WARN_STRICT_PROTOTYPES = YES;
				CLANG_WARN_SUSPICIOUS_MOVE = YES;
				CLANG_WARN_UNGUARDED_AVAILABILITY = YES_AGGRESSIVE;
				CLANG_WARN_UNREACHABLE_CODE = YES;
				CLANG_WARN__DUPLICATE_METHOD_MATCH = YES;
				CODE_SIGN_IDENTITY = "-";
				COPY_PHASE_STRIP = NO;
				DEBUG_INFORMATION_FORMAT = dwarf;
				ENABLE_STRICT_OBJC_MSGSEND = YES;
				ENABLE_TESTABILITY = YES;
				GCC_C_LANGUAGE_STANDARD = gnu11;
				GCC_DYNAMIC_NO_PIC = NO;
				GCC_NO_COMMON_BLOCKS = YES;
				GCC_OPTIMIZATION_LEVEL = 0;
				GCC_PREPROCESSOR_DEFINITIONS = (
					"DEBUG=1",
					"$(inherited)",
				);
				GCC_WARN_64_TO_32_BIT_CONVERSION = YES;
				GCC_WARN_ABOUT_RETURN_TYPE = YES_ERROR;
				GCC_WARN_UNDECLARED_SELECTOR = YES;
				GCC_WARN_UNINITIALIZED_AUTOS = YES_AGGRESSIVE;
				GCC_WARN_UNUSED_FUNCTION = YES;
				GCC_WARN_UNUSED_VARIABLE = YES;
				MACOSX_DEPLOYMENT_TARGET = 10.14;
				MTL_ENABLE_DEBUG_INFO = INCLUDE_SOURCE;
				MTL_FAST_MATH = YES;
				ONLY_ACTIVE_ARCH = YES;
				SDKROOT = macosx;
				SWIFT_ACTIVE_COMPILATION_CONDITIONS = DEBUG;
				SWIFT_OPTIMIZATION_LEVEL = "-Onone";
			};
			name = Debug;
		};
		8AA61AC52316487D00BB7B93 /* Release */ = {
			isa = XCBuildConfiguration;
			buildSettings = {
				ALWAYS_SEARCH_USER_PATHS = NO;
				CLANG_ANALYZER_NONNULL = YES;
				CLANG_ANALYZER_NUMBER_OBJECT_CONVERSION = YES_AGGRESSIVE;
				CLANG_CXX_LANGUAGE_STANDARD = "gnu++14";
				CLANG_CXX_LIBRARY = "libc++";
				CLANG_ENABLE_MODULES = YES;
				CLANG_ENABLE_OBJC_ARC = YES;
				CLANG_ENABLE_OBJC_WEAK = YES;
				CLANG_WARN_BLOCK_CAPTURE_AUTORELEASING = YES;
				CLANG_WARN_BOOL_CONVERSION = YES;
				CLANG_WARN_COMMA = YES;
				CLANG_WARN_CONSTANT_CONVERSION = YES;
				CLANG_WARN_DEPRECATED_OBJC_IMPLEMENTATIONS = YES;
				CLANG_WARN_DIRECT_OBJC_ISA_USAGE = YES_ERROR;
				CLANG_WARN_DOCUMENTATION_COMMENTS = YES;
				CLANG_WARN_EMPTY_BODY = YES;
				CLANG_WARN_ENUM_CONVERSION = YES;
				CLANG_WARN_INFINITE_RECURSION = YES;
				CLANG_WARN_INT_CONVERSION = YES;
				CLANG_WARN_NON_LITERAL_NULL_CONVERSION = YES;
				CLANG_WARN_OBJC_IMPLICIT_RETAIN_SELF = YES;
				CLANG_WARN_OBJC_LITERAL_CONVERSION = YES;
				CLANG_WARN_OBJC_ROOT_CLASS = YES_ERROR;
				CLANG_WARN_RANGE_LOOP_ANALYSIS = YES;
				CLANG_WARN_STRICT_PROTOTYPES = YES;
				CLANG_WARN_SUSPICIOUS_MOVE = YES;
				CLANG_WARN_UNGUARDED_AVAILABILITY = YES_AGGRESSIVE;
				CLANG_WARN_UNREACHABLE_CODE = YES;
				CLANG_WARN__DUPLICATE_METHOD_MATCH = YES;
				CODE_SIGN_IDENTITY = "-";
				COPY_PHASE_STRIP = NO;
				DEBUG_INFORMATION_FORMAT = "dwarf-with-dsym";
				ENABLE_NS_ASSERTIONS = NO;
				ENABLE_STRICT_OBJC_MSGSEND = YES;
				GCC_C_LANGUAGE_STANDARD = gnu11;
				GCC_NO_COMMON_BLOCKS = YES;
				GCC_WARN_64_TO_32_BIT_CONVERSION = YES;
				GCC_WARN_ABOUT_RETURN_TYPE = YES_ERROR;
				GCC_WARN_UNDECLARED_SELECTOR = YES;
				GCC_WARN_UNINITIALIZED_AUTOS = YES_AGGRESSIVE;
				GCC_WARN_UNUSED_FUNCTION = YES;
				GCC_WARN_UNUSED_VARIABLE = YES;
				MACOSX_DEPLOYMENT_TARGET = 10.14;
				MTL_ENABLE_DEBUG_INFO = NO;
				MTL_FAST_MATH = YES;
				SDKROOT = macosx;
				SWIFT_COMPILATION_MODE = wholemodule;
				SWIFT_OPTIMIZATION_LEVEL = "-O";
			};
			name = Release;
		};
		8AA61AC72316487D00BB7B93 /* Debug */ = {
			isa = XCBuildConfiguration;
			baseConfigurationReference = E8599BA55B3FE0D888533231 /* Pods-macOS Utilities Hypervisor.debug.xcconfig */;
			buildSettings = {
				ASSETCATALOG_COMPILER_APPICON_NAME = AppIcon;
				CODE_SIGN_STYLE = Automatic;
				COMBINE_HIDPI_IMAGES = YES;
				DEBUG_ACTIVITY_MODE = enable;
				INFOPLIST_FILE = "$(SRCROOT)/macOS Utilities Hypervisor/Resources/Info.plist";
				LD_RUNPATH_SEARCH_PATHS = (
					"$(inherited)",
					"@executable_path/../Frameworks",
				);
				MACOSX_DEPLOYMENT_TARGET = 10.12;
				PRODUCT_BUNDLE_IDENTIFIER = "com.er2.macOS-Utilities.Hypervisor";
				PRODUCT_NAME = "$(TARGET_NAME)";
				SWIFT_OBJC_BRIDGING_HEADER = "macOS Utilities Hypervisor/BridgingHeader.h";
				SWIFT_VERSION = 5.0;
			};
			name = Debug;
		};
		8AA61AC82316487D00BB7B93 /* Release */ = {
			isa = XCBuildConfiguration;
			baseConfigurationReference = 48BCFB19EE9C054A961E23BA /* Pods-macOS Utilities Hypervisor.release.xcconfig */;
			buildSettings = {
				ASSETCATALOG_COMPILER_APPICON_NAME = AppIcon;
				CODE_SIGN_STYLE = Automatic;
				COMBINE_HIDPI_IMAGES = YES;
				DEBUG_ACTIVITY_MODE = disable;
				INFOPLIST_FILE = "$(SRCROOT)/macOS Utilities Hypervisor/Resources/Info.plist";
				LD_RUNPATH_SEARCH_PATHS = (
					"$(inherited)",
					"@executable_path/../Frameworks",
				);
				MACOSX_DEPLOYMENT_TARGET = 10.12;
				PRODUCT_BUNDLE_IDENTIFIER = "com.er2.macOS-Utilities.Hypervisor";
				PRODUCT_NAME = "$(TARGET_NAME)";
				SWIFT_OBJC_BRIDGING_HEADER = "macOS Utilities Hypervisor/BridgingHeader.h";
				SWIFT_VERSION = 5.0;
			};
			name = Release;
		};
/* End XCBuildConfiguration section */

/* Begin XCConfigurationList section */
		8AA61AB12316487B00BB7B93 /* Build configuration list for PBXProject "macOS Utilities Hypervisor" */ = {
			isa = XCConfigurationList;
			buildConfigurations = (
				8AA61AC42316487D00BB7B93 /* Debug */,
				8AA61AC52316487D00BB7B93 /* Release */,
			);
			defaultConfigurationIsVisible = 0;
			defaultConfigurationName = Release;
		};
		8AA61AC62316487D00BB7B93 /* Build configuration list for PBXNativeTarget "macOS Utilities Hypervisor" */ = {
			isa = XCConfigurationList;
			buildConfigurations = (
				8AA61AC72316487D00BB7B93 /* Debug */,
				8AA61AC82316487D00BB7B93 /* Release */,
			);
			defaultConfigurationIsVisible = 0;
			defaultConfigurationName = Release;
		};
/* End XCConfigurationList section */
	};
	rootObject = 8AA61AAE2316487B00BB7B93 /* Project object */;
}
