PODS:
  - MultiPeer (0.1.1)

DEPENDENCIES:
  - MultiPeer (from `https://github.com/128keaton/MultiPeer.git`, tag `0.1.1`)

EXTERNAL SOURCES:
  MultiPeer:
    :git: https://github.com/128keaton/MultiPeer.git
    :tag: 0.1.1

CHECKOUT OPTIONS:
  MultiPeer:
    :git: https://github.com/128keaton/MultiPeer.git
    :tag: 0.1.1

SPEC CHECKSUMS:
  MultiPeer: 0d8af29187e36944e8694f53feac790498f459f4

PODFILE CHECKSUM: 5d217efb23700077770137d93bfd583f525fedd3

COCOAPODS: 1.8.0.beta.2
