// !$*UTF8*$!
{
	archiveVersion = 1;
	classes = {
	};
	objectVersion = 50;
	objects = {

/* Begin PBXBuildFile section */
		8AA61ABA2316487B00BB7B93 /* AppDelegate.swift in Sources */ = {isa = PBXBuildFile; fileRef = 8AA61AB92316487B00BB7B93 /* AppDelegate.swift */; };
		8AA61ABC2316487B00BB7B93 /* ViewController.swift in Sources */ = {isa = PBXBuildFile; fileRef = 8AA61ABB2316487B00BB7B93 /* ViewController.swift */; };
		8AA61ABE2316487D00BB7B93 /* Assets.xcassets in Resources */ = {isa = PBXBuildFile; fileRef = 8AA61ABD2316487D00BB7B93 /* Assets.xcassets */; };
		8AA61AC12316487D00BB7B93 /* Main.storyboard in Resources */ = {isa = PBXBuildFile; fileRef = 8AA61ABF2316487D00BB7B93 /* Main.storyboard */; };
		8AA61ACE2316570D00BB7B93 /* Peer.swift in Sources */ = {isa = PBXBuildFile; fileRef = 8AA61ACD2316570D00BB7B93 /* Peer.swift */; };
		8AA61AD223165B8000BB7B93 /* BeepService.swift in Sources */ = {isa = PBXBuildFile; fileRef = 8AA61AD123165B8000BB7B93 /* BeepService.swift */; };
		E0932198D8403889CBEFB065 /* Pods_Remote_Log_Client.framework in Frameworks */ = {isa = PBXBuildFile; fileRef = 5C5208565BA380EA5D9141CA /* Pods_Remote_Log_Client.framework */; };
/* End PBXBuildFile section */

/* Begin PBXFileReference section */
		205020729D29D07B38589A23 /* Pods-Remote Log Client.release.xcconfig */ = {isa = PBXFileReference; includeInIndex = 1; lastKnownFileType = text.xcconfig; name = "Pods-Remote Log Client.release.xcconfig"; path = "Target Support Files/Pods-Remote Log Client/Pods-Remote Log Client.release.xcconfig"; sourceTree = "<group>"; };
		5C5208565BA380EA5D9141CA /* Pods_Remote_Log_Client.framework */ = {isa = PBXFileReference; explicitFileType = wrapper.framework; includeInIndex = 0; path = Pods_Remote_Log_Client.framework; sourceTree = BUILT_PRODUCTS_DIR; };
		8AA61AB62316487B00BB7B93 /* Remote Log Client.app */ = {isa = PBXFileReference; explicitFileType = wrapper.application; includeInIndex = 0; path = "Remote Log Client.app"; sourceTree = BUILT_PRODUCTS_DIR; };
		8AA61AB92316487B00BB7B93 /* AppDelegate.swift */ = {isa = PBXFileReference; lastKnownFileType = sourcecode.swift; path = AppDelegate.swift; sourceTree = "<group>"; };
		8AA61ABB2316487B00BB7B93 /* ViewController.swift */ = {isa = PBXFileReference; lastKnownFileType = sourcecode.swift; path = ViewController.swift; sourceTree = "<group>"; };
		8AA61ABD2316487D00BB7B93 /* Assets.xcassets */ = {isa = PBXFileReference; lastKnownFileType = folder.assetcatalog; path = Assets.xcassets; sourceTree = "<group>"; };
		8AA61AC02316487D00BB7B93 /* Base */ = {isa = PBXFileReference; lastKnownFileType = file.storyboard; name = Base; path = Base.lproj/Main.storyboard; sourceTree = "<group>"; };
		8AA61AC22316487D00BB7B93 /* Info.plist */ = {isa = PBXFileReference; lastKnownFileType = text.plist.xml; path = Info.plist; sourceTree = "<group>"; };
		8AA61AC32316487D00BB7B93 /* Remote_Log_Client.entitlements */ = {isa = PBXFileReference; lastKnownFileType = text.plist.entitlements; path = Remote_Log_Client.entitlements; sourceTree = "<group>"; };
		8AA61ACD2316570D00BB7B93 /* Peer.swift */ = {isa = PBXFileReference; lastKnownFileType = sourcecode.swift; path = Peer.swift; sourceTree = "<group>"; };
		8AA61AD123165B8000BB7B93 /* BeepService.swift */ = {isa = PBXFileReference; lastKnownFileType = sourcecode.swift; path = BeepService.swift; sourceTree = "<group>"; };
		F07E962C4A73F1E84A23ED43 /* Pods-Remote Log Client.debug.xcconfig */ = {isa = PBXFileReference; includeInIndex = 1; lastKnownFileType = text.xcconfig; name = "Pods-Remote Log Client.debug.xcconfig"; path = "Target Support Files/Pods-Remote Log Client/Pods-Remote Log Client.debug.xcconfig"; sourceTree = "<group>"; };
/* End PBXFileReference section */

/* Begin PBXFrameworksBuildPhase section */
		8AA61AB32316487B00BB7B93 /* Frameworks */ = {
			isa = PBXFrameworksBuildPhase;
			buildActionMask = 2147483647;
			files = (
				E0932198D8403889CBEFB065 /* Pods_Remote_Log_Client.framework in Frameworks */,
			);
			runOnlyForDeploymentPostprocessing = 0;
		};
/* End PBXFrameworksBuildPhase section */

/* Begin PBXGroup section */
		30A88792A74FEA34DF2F34D6 /* Frameworks */ = {
			isa = PBXGroup;
			children = (
				5C5208565BA380EA5D9141CA /* Pods_Remote_Log_Client.framework */,
			);
			name = Frameworks;
			sourceTree = "<group>";
		};
		8AA61AAD2316487B00BB7B93 = {
			isa = PBXGroup;
			children = (
				8AA61AB82316487B00BB7B93 /* Remote Log Client */,
				8AA61AB72316487B00BB7B93 /* Products */,
				93C877AF53E80ED6F80F43B7 /* Pods */,
				30A88792A74FEA34DF2F34D6 /* Frameworks */,
			);
			sourceTree = "<group>";
		};
		8AA61AB72316487B00BB7B93 /* Products */ = {
			isa = PBXGroup;
			children = (
				8AA61AB62316487B00BB7B93 /* Remote Log Client.app */,
			);
			name = Products;
			sourceTree = "<group>";
		};
		8AA61AB82316487B00BB7B93 /* Remote Log Client */ = {
			isa = PBXGroup;
			children = (
				8AA61AB92316487B00BB7B93 /* AppDelegate.swift */,
				8AA61ABB2316487B00BB7B93 /* ViewController.swift */,
				8AA61ABD2316487D00BB7B93 /* Assets.xcassets */,
				8AA61ABF2316487D00BB7B93 /* Main.storyboard */,
				8AA61AC22316487D00BB7B93 /* Info.plist */,
				8AA61AC32316487D00BB7B93 /* Remote_Log_Client.entitlements */,
				8AA61ACD2316570D00BB7B93 /* Peer.swift */,
				8AA61AD123165B8000BB7B93 /* BeepService.swift */,
			);
			path = "Remote Log Client";
			sourceTree = "<group>";
		};
		93C877AF53E80ED6F80F43B7 /* Pods */ = {
			isa = PBXGroup;
			children = (
				F07E962C4A73F1E84A23ED43 /* Pods-Remote Log Client.debug.xcconfig */,
				205020729D29D07B38589A23 /* Pods-Remote Log Client.release.xcconfig */,
			);
			name = Pods;
			path = Pods;
			sourceTree = "<group>";
		};
/* End PBXGroup section */

/* Begin PBXNativeTarget section */
		8AA61AB52316487B00BB7B93 /* Remote Log Client */ = {
			isa = PBXNativeTarget;
			buildConfigurationList = 8AA61AC62316487D00BB7B93 /* Build configuration list for PBXNativeTarget "Remote Log Client" */;
			buildPhases = (
				9B490D161F3CD58D930AF675 /* [CP] Check Pods Manifest.lock */,
				8AA61AB22316487B00BB7B93 /* Sources */,
				8AA61AB32316487B00BB7B93 /* Frameworks */,
				8AA61AB42316487B00BB7B93 /* Resources */,
				046D8290E1ECC3505EA24A89 /* [CP] Embed Pods Frameworks */,
			);
			buildRules = (
			);
			dependencies = (
			);
			name = "Remote Log Client";
			productName = "Remote Log Client";
			productReference = 8AA61AB62316487B00BB7B93 /* Remote Log Client.app */;
			productType = "com.apple.product-type.application";
		};
/* End PBXNativeTarget section */

/* Begin PBXProject section */
		8AA61AAE2316487B00BB7B93 /* Project object */ = {
			isa = PBXProject;
			attributes = {
				LastSwiftUpdateCheck = 1030;
				LastUpgradeCheck = 1030;
				ORGANIZATIONNAME = "Keaton Burleson";
				TargetAttributes = {
					8AA61AB52316487B00BB7B93 = {
						CreatedOnToolsVersion = 10.3;
						SystemCapabilities = {
							com.apple.Sandbox = {
								enabled = 0;
							};
						};
					};
				};
			};
			buildConfigurationList = 8AA61AB12316487B00BB7B93 /* Build configuration list for PBXProject "Remote Log Client" */;
			compatibilityVersion = "Xcode 9.3";
			developmentRegion = en;
			hasScannedForEncodings = 0;
			knownRegions = (
				en,
				Base,
			);
			mainGroup = 8AA61AAD2316487B00BB7B93;
			productRefGroup = 8AA61AB72316487B00BB7B93 /* Products */;
			projectDirPath = "";
			projectRoot = "";
			targets = (
				8AA61AB52316487B00BB7B93 /* Remote Log Client */,
			);
		};
/* End PBXProject section */

/* Begin PBXResourcesBuildPhase section */
		8AA61AB42316487B00BB7B93 /* Resources */ = {
			isa = PBXResourcesBuildPhase;
			buildActionMask = 2147483647;
			files = (
				8AA61ABE2316487D00BB7B93 /* Assets.xcassets in Resources */,
				8AA61AC12316487D00BB7B93 /* Main.storyboard in Resources */,
			);
			runOnlyForDeploymentPostprocessing = 0;
		};
/* End PBXResourcesBuildPhase section */

/* Begin PBXShellScriptBuildPhase section */
		046D8290E1ECC3505EA24A89 /* [CP] Embed Pods Frameworks */ = {
			isa = PBXShellScriptBuildPhase;
			buildActionMask = 2147483647;
			files = (
			);
			inputFileListPaths = (
				"${PODS_ROOT}/Target Support Files/Pods-Remote Log Client/Pods-Remote Log Client-frameworks-${CONFIGURATION}-input-files.xcfilelist",
			);
			name = "[CP] Embed Pods Frameworks";
			outputFileListPaths = (
				"${PODS_ROOT}/Target Support Files/Pods-Remote Log Client/Pods-Remote Log Client-frameworks-${CONFIGURATION}-output-files.xcfilelist",
			);
			runOnlyForDeploymentPostprocessing = 0;
			shellPath = /bin/sh;
			shellScript = "\"${PODS_ROOT}/Target Support Files/Pods-Remote Log Client/Pods-Remote Log Client-frameworks.sh\"\n";
			showEnvVarsInLog = 0;
		};
		9B490D161F3CD58D930AF675 /* [CP] Check Pods Manifest.lock */ = {
			isa = PBXShellScriptBuildPhase;
			buildActionMask = 2147483647;
			files = (
			);
			inputFileListPaths = (
			);
			inputPaths = (
				"${PODS_PODFILE_DIR_PATH}/Podfile.lock",
				"${PODS_ROOT}/Manifest.lock",
			);
			name = "[CP] Check Pods Manifest.lock";
			outputFileListPaths = (
			);
			outputPaths = (
				"$(DERIVED_FILE_DIR)/Pods-Remote Log Client-checkManifestLockResult.txt",
			);
			runOnlyForDeploymentPostprocessing = 0;
			shellPath = /bin/sh;
			shellScript = "diff \"${PODS_PODFILE_DIR_PATH}/Podfile.lock\" \"${PODS_ROOT}/Manifest.lock\" > /dev/null\nif [ $? != 0 ] ; then\n    # print error to STDERR\n    echo \"error: The sandbox is not in sync with the Podfile.lock. Run 'pod install' or update your CocoaPods installation.\" >&2\n    exit 1\nfi\n# This output is used by Xcode 'outputs' to avoid re-running this script phase.\necho \"SUCCESS\" > \"${SCRIPT_OUTPUT_FILE_0}\"\n";
			showEnvVarsInLog = 0;
		};
/* End PBXShellScriptBuildPhase section */

/* Begin PBXSourcesBuildPhase section */
		8AA61AB22316487B00BB7B93 /* Sources */ = {
			isa = PBXSourcesBuildPhase;
			buildActionMask = 2147483647;
			files = (
				8AA61ACE2316570D00BB7B93 /* Peer.swift in Sources */,
				8AA61AD223165B8000BB7B93 /* BeepService.swift in Sources */,
				8AA61ABC2316487B00BB7B93 /* ViewController.swift in Sources */,
				8AA61ABA2316487B00BB7B93 /* AppDelegate.swift in Sources */,
			);
			runOnlyForDeploymentPostprocessing = 0;
		};
/* End PBXSourcesBuildPhase section */

/* Begin PBXVariantGroup section */
		8AA61ABF2316487D00BB7B93 /* Main.storyboard */ = {
			isa = PBXVariantGroup;
			children = (
				8AA61AC02316487D00BB7B93 /* Base */,
			);
			name = Main.storyboard;
			sourceTree = "<group>";
		};
/* End PBXVariantGroup section */

/* Begin XCBuildConfiguration section */
		8AA61AC42316487D00BB7B93 /* Debug */ = {
			isa = XCBuildConfiguration;
			buildSettings = {
				ALWAYS_SEARCH_USER_PATHS = NO;
				CLANG_ANALYZER_NONNULL = YES;
				CLANG_ANALYZER_NUMBER_OBJECT_CONVERSION = YES_AGGRESSIVE;
				CLANG_CXX_LANGUAGE_STANDARD = "gnu++14";
				CLANG_CXX_LIBRARY = "libc++";
				CLANG_ENABLE_MODULES = YES;
				CLANG_ENABLE_OBJC_ARC = YES;
				CLANG_ENABLE_OBJC_WEAK = YES;
				CLANG_WARN_BLOCK_CAPTURE_AUTORELEASING = YES;
				CLANG_WARN_BOOL_CONVERSION = YES;
				CLANG_WARN_COMMA = YES;
				CLANG_WARN_CONSTANT_CONVERSION = YES;
				CLANG_WARN_DEPRECATED_OBJC_IMPLEMENTATIONS = YES;
				CLANG_WARN_DIRECT_OBJC_ISA_USAGE = YES_ERROR;
				CLANG_WARN_DOCUMENTATION_COMMENTS = YES;
				CLANG_WARN_EMPTY_BODY = YES;
				CLANG_WARN_ENUM_CONVERSION = YES;
				CLANG_WARN_INFINITE_RECURSION = YES;
				CLANG_WARN_INT_CONVERSION = YES;
				CLANG_WARN_NON_LITERAL_NULL_CONVERSION = YES;
				CLANG_WARN_OBJC_IMPLICIT_RETAIN_SELF = YES;
				CLANG_WARN_OBJC_LITERAL_CONVERSION = YES;
				CLANG_WARN_OBJC_ROOT_CLASS = YES_ERROR;
				CLANG_WARN_RANGE_LOOP_ANALYSIS = YES;
				CLANG_WARN_STRICT_PROTOTYPES = YES;
				CLANG_WARN_SUSPICIOUS_MOVE = YES;
				CLANG_WARN_UNGUARDED_AVAILABILITY = YES_AGGRESSIVE;
				CLANG_WARN_UNREACHABLE_CODE = YES;
				CLANG_WARN__DUPLICATE_METHOD_MATCH = YES;
				CODE_SIGN_IDENTITY = "-";
				COPY_PHASE_STRIP = NO;
				DEBUG_INFORMATION_FORMAT = dwarf;
				ENABLE_STRICT_OBJC_MSGSEND = YES;
				ENABLE_TESTABILITY = YES;
				GCC_C_LANGUAGE_STANDARD = gnu11;
				GCC_DYNAMIC_NO_PIC = NO;
				GCC_NO_COMMON_BLOCKS = YES;
				GCC_OPTIMIZATION_LEVEL = 0;
				GCC_PREPROCESSOR_DEFINITIONS = (
					"DEBUG=1",
					"$(inherited)",
				);
				GCC_WARN_64_TO_32_BIT_CONVERSION = YES;
				GCC_WARN_ABOUT_RETURN_TYPE = YES_ERROR;
				GCC_WARN_UNDECLARED_SELECTOR = YES;
				GCC_WARN_UNINITIALIZED_AUTOS = YES_AGGRESSIVE;
				GCC_WARN_UNUSED_FUNCTION = YES;
				GCC_WARN_UNUSED_VARIABLE = YES;
				MACOSX_DEPLOYMENT_TARGET = 10.14;
				MTL_ENABLE_DEBUG_INFO = INCLUDE_SOURCE;
				MTL_FAST_MATH = YES;
				ONLY_ACTIVE_ARCH = YES;
				SDKROOT = macosx;
				SWIFT_ACTIVE_COMPILATION_CONDITIONS = DEBUG;
				SWIFT_OPTIMIZATION_LEVEL = "-Onone";
			};
			name = Debug;
		};
		8AA61AC52316487D00BB7B93 /* Release */ = {
			isa = XCBuildConfiguration;
			buildSettings = {
				ALWAYS_SEARCH_USER_PATHS = NO;
				CLANG_ANALYZER_NONNULL = YES;
				CLANG_ANALYZER_NUMBER_OBJECT_CONVERSION = YES_AGGRESSIVE;
				CLANG_CXX_LANGUAGE_STANDARD = "gnu++14";
				CLANG_CXX_LIBRARY = "libc++";
				CLANG_ENABLE_MODULES = YES;
				CLANG_ENABLE_OBJC_ARC = YES;
				CLANG_ENABLE_OBJC_WEAK = YES;
				CLANG_WARN_BLOCK_CAPTURE_AUTORELEASING = YES;
				CLANG_WARN_BOOL_CONVERSION = YES;
				CLANG_WARN_COMMA = YES;
				CLANG_WARN_CONSTANT_CONVERSION = YES;
				CLANG_WARN_DEPRECATED_OBJC_IMPLEMENTATIONS = YES;
				CLANG_WARN_DIRECT_OBJC_ISA_USAGE = YES_ERROR;
				CLANG_WARN_DOCUMENTATION_COMMENTS = YES;
				CLANG_WARN_EMPTY_BODY = YES;
				CLANG_WARN_ENUM_CONVERSION = YES;
				CLANG_WARN_INFINITE_RECURSION = YES;
				CLANG_WARN_INT_CONVERSION = YES;
				CLANG_WARN_NON_LITERAL_NULL_CONVERSION = YES;
				CLANG_WARN_OBJC_IMPLICIT_RETAIN_SELF = YES;
				CLANG_WARN_OBJC_LITERAL_CONVERSION = YES;
				CLANG_WARN_OBJC_ROOT_CLASS = YES_ERROR;
				CLANG_WARN_RANGE_LOOP_ANALYSIS = YES;
				CLANG_WARN_STRICT_PROTOTYPES = YES;
				CLANG_WARN_SUSPICIOUS_MOVE = YES;
				CLANG_WARN_UNGUARDED_AVAILABILITY = YES_AGGRESSIVE;
				CLANG_WARN_UNREACHABLE_CODE = YES;
				CLANG_WARN__DUPLICATE_METHOD_MATCH = YES;
				CODE_SIGN_IDENTITY = "-";
				COPY_PHASE_STRIP = NO;
				DEBUG_INFORMATION_FORMAT = "dwarf-with-dsym";
				ENABLE_NS_ASSERTIONS = NO;
				ENABLE_STRICT_OBJC_MSGSEND = YES;
				GCC_C_LANGUAGE_STANDARD = gnu11;
				GCC_NO_COMMON_BLOCKS = YES;
				GCC_WARN_64_TO_32_BIT_CONVERSION = YES;
				GCC_WARN_ABOUT_RETURN_TYPE = YES_ERROR;
				GCC_WARN_UNDECLARED_SELECTOR = YES;
				GCC_WARN_UNINITIALIZED_AUTOS = YES_AGGRESSIVE;
				GCC_WARN_UNUSED_FUNCTION = YES;
				GCC_WARN_UNUSED_VARIABLE = YES;
				MACOSX_DEPLOYMENT_TARGET = 10.14;
				MTL_ENABLE_DEBUG_INFO = NO;
				MTL_FAST_MATH = YES;
				SDKROOT = macosx;
				SWIFT_COMPILATION_MODE = wholemodule;
				SWIFT_OPTIMIZATION_LEVEL = "-O";
			};
			name = Release;
		};
		8AA61AC72316487D00BB7B93 /* Debug */ = {
			isa = XCBuildConfiguration;
			baseConfigurationReference = F07E962C4A73F1E84A23ED43 /* Pods-Remote Log Client.debug.xcconfig */;
			buildSettings = {
				ASSETCATALOG_COMPILER_APPICON_NAME = AppIcon;
				CODE_SIGN_STYLE = Automatic;
				COMBINE_HIDPI_IMAGES = YES;
				INFOPLIST_FILE = "Remote Log Client/Info.plist";
				LD_RUNPATH_SEARCH_PATHS = (
					"$(inherited)",
					"@executable_path/../Frameworks",
				);
				PRODUCT_BUNDLE_IDENTIFIER = "com.er2.macOS-Utilities.Remote-Log-Client";
				PRODUCT_NAME = "$(TARGET_NAME)";
				SWIFT_VERSION = 5.0;
			};
			name = Debug;
		};
		8AA61AC82316487D00BB7B93 /* Release */ = {
			isa = XCBuildConfiguration;
			baseConfigurationReference = 205020729D29D07B38589A23 /* Pods-Remote Log Client.release.xcconfig */;
			buildSettings = {
				ASSETCATALOG_COMPILER_APPICON_NAME = AppIcon;
				CODE_SIGN_STYLE = Automatic;
				COMBINE_HIDPI_IMAGES = YES;
				INFOPLIST_FILE = "Remote Log Client/Info.plist";
				LD_RUNPATH_SEARCH_PATHS = (
					"$(inherited)",
					"@executable_path/../Frameworks",
				);
				PRODUCT_BUNDLE_IDENTIFIER = "com.er2.macOS-Utilities.Remote-Log-Client";
				PRODUCT_NAME = "$(TARGET_NAME)";
				SWIFT_VERSION = 5.0;
			};
			name = Release;
		};
/* End XCBuildConfiguration section */

/* Begin XCConfigurationList section */
		8AA61AB12316487B00BB7B93 /* Build configuration list for PBXProject "Remote Log Client" */ = {
			isa = XCConfigurationList;
			buildConfigurations = (
				8AA61AC42316487D00BB7B93 /* Debug */,
				8AA61AC52316487D00BB7B93 /* Release */,
			);
			defaultConfigurationIsVisible = 0;
			defaultConfigurationName = Release;
		};
		8AA61AC62316487D00BB7B93 /* Build configuration list for PBXNativeTarget "Remote Log Client" */ = {
			isa = XCConfigurationList;
			buildConfigurations = (
				8AA61AC72316487D00BB7B93 /* Debug */,
				8AA61AC82316487D00BB7B93 /* Release */,
			);
			defaultConfigurationIsVisible = 0;
			defaultConfigurationName = Release;
		};
/* End XCConfigurationList section */
	};
	rootObject = 8AA61AAE2316487B00BB7B93 /* Project object */;
}
